{
    __meta__ = {
        version = "1.0"
    },
    ["windows|x64"] = {
        ["boost#39864a7c"] = {
            repo = {
                branch = "master",
                commit = "b0b316eb13e79e5ea7e7a56b80117a3526dedeeb",
                url = "https://gitlab.com/tboox/xmake-repo.git"
            },
            version = "1.88.0"
        },
        ["cmake#31fecfc4"] = {
            repo = {
                branch = "master",
                commit = "b0b316eb13e79e5ea7e7a56b80117a3526dedeeb",
                url = "https://gitlab.com/tboox/xmake-repo.git"
            },
            version = "4.0.3"
        },
        ["directxmath#31fecfc4"] = {
            repo = {
                branch = "master",
                commit = "b0b316eb13e79e5ea7e7a56b80117a3526dedeeb",
                url = "https://gitlab.com/tboox/xmake-repo.git"
            },
            version = "2024.02"
        },
        ["directxtk#31fecfc4"] = {
            repo = {
                branch = "master",
                commit = "b0b316eb13e79e5ea7e7a56b80117a3526dedeeb",
                url = "https://gitlab.com/tboox/xmake-repo.git"
            },
            version = "24.2.0"
        },
        ["minhook#31fecfc4"] = {
            repo = {
                branch = "master",
                commit = "b0b316eb13e79e5ea7e7a56b80117a3526dedeeb",
                url = "https://gitlab.com/tboox/xmake-repo.git"
            },
            version = "v1.3.4"
        },
        ["ninja#31fecfc4"] = {
            repo = {
                branch = "master",
                commit = "b0b316eb13e79e5ea7e7a56b80117a3526dedeeb",
                url = "https://gitlab.com/tboox/xmake-repo.git"
            },
            version = "v1.12.1"
        },
        ["rapidcsv#31fecfc4"] = {
            repo = {
                branch = "master",
                commit = "c3281e7ae7450a355685a7c91cf455d8fdf9c00c",
                url = "https://gitlab.com/tboox/xmake-repo.git"
            },
            version = "v8.87"
        },
        ["spdlog#9c36f0a9"] = {
            repo = {
                branch = "master",
                commit = "e81b38d77a76847788811a838c0e7fbdb199221d",
                url = "https://gitlab.com/tboox/xmake-repo.git"
            },
            version = "v1.15.3"
        }
    }
}
